// !$*UTF8*$!
{
	archiveVersion = 1;
	classes = {
	};
	objectVersion = 54;
	objects = {

/* Begin PBXBuildFile section */
		1614A5482EB1528E005D5216 /* Capacitor.framework in Frameworks */ = {isa = PBXBuildFile; fileRef = 16FAB10D2EA81CBD0037283F /* Capacitor.framework */; };
		1614A5492EB1528E005D5216 /* CapacitorGeolocation.framework in Frameworks */ = {isa = PBXBuildFile; fileRef = 16FAB1112EA81CBD0037283F /* CapacitorGeolocation.framework */; };
		1614A54A2EB1528E005D5216 /* CapacitorLocalNotifications.framework in Frameworks */ = {isa = PBXBuildFile; fileRef = 16FAB1132EA81CBD0037283F /* CapacitorLocalNotifications.framework */; };
		1614A54B2EB1528E005D5216 /* CapacitorPushNotifications.framework in Frameworks */ = {isa = PBXBuildFile; fileRef = 16FAB1152EA81CBD0037283F /* CapacitorPushNotifications.framework */; };
		1614A54C2EB1528E005D5216 /* Cordova.framework in Frameworks */ = {isa = PBXBuildFile; fileRef = 16FAB10F2EA81CBD0037283F /* Cordova.framework */; };
		1614A54D2EB1528E005D5216 /* FBLPromises_Privacy.bundle in Embed PlugIns */ = {isa = PBXBuildFile; fileRef = 16E9A0432EB0031200E33744 /* FBLPromises_Privacy.bundle */; settings = {ATTRIBUTES = (CodeSignOnCopy, RemoveHeadersOnCopy, ); }; };
		1614A54E2EB1528E005D5216 /* FBLPromises.framework in Frameworks */ = {isa = PBXBuildFile; fileRef = 16E9A0412EB0031200E33744 /* FBLPromises.framework */; };
		1614A54F2EB1528E005D5216 /* FBLPromises.framework in Embed Frameworks */ = {isa = PBXBuildFile; fileRef = 16E9A0412EB0031200E33744 /* FBLPromises.framework */; settings = {ATTRIBUTES = (CodeSignOnCopy, RemoveHeadersOnCopy, ); }; };
		1614A5502EB1528E005D5216 /* FirebaseCore_Privacy.bundle in Embed PlugIns */ = {isa = PBXBuildFile; fileRef = 16E9A0272EB0031200E33744 /* FirebaseCore_Privacy.bundle */; settings = {ATTRIBUTES = (CodeSignOnCopy, RemoveHeadersOnCopy, ); }; };
		1614A5512EB1528E005D5216 /* FirebaseCore.framework in Frameworks */ = {isa = PBXBuildFile; fileRef = 16E9A0252EB0031200E33744 /* FirebaseCore.framework */; };
		1614A5522EB1528E005D5216 /* FirebaseCore.framework in Embed Frameworks */ = {isa = PBXBuildFile; fileRef = 16E9A0252EB0031200E33744 /* FirebaseCore.framework */; settings = {ATTRIBUTES = (CodeSignOnCopy, RemoveHeadersOnCopy, ); }; };
		1614A5532EB1528E005D5216 /* FirebaseCoreInternal_Privacy.bundle in Embed PlugIns */ = {isa = PBXBuildFile; fileRef = 16E9A02B2EB0031200E33744 /* FirebaseCoreInternal_Privacy.bundle */; settings = {ATTRIBUTES = (CodeSignOnCopy, RemoveHeadersOnCopy, ); }; };
		1614A5542EB1528E005D5216 /* FirebaseCoreInternal.framework in Frameworks */ = {isa = PBXBuildFile; fileRef = 16E9A0292EB0031200E33744 /* FirebaseCoreInternal.framework */; };
		1614A5552EB1528E005D5216 /* FirebaseCoreInternal.framework in Embed Frameworks */ = {isa = PBXBuildFile; fileRef = 16E9A0292EB0031200E33744 /* FirebaseCoreInternal.framework */; settings = {ATTRIBUTES = (CodeSignOnCopy, RemoveHeadersOnCopy, ); }; };
		1614A5562EB1528E005D5216 /* FirebaseInstallations_Privacy.bundle in Embed PlugIns */ = {isa = PBXBuildFile; fileRef = 16E9A02F2EB0031200E33744 /* FirebaseInstallations_Privacy.bundle */; settings = {ATTRIBUTES = (CodeSignOnCopy, RemoveHeadersOnCopy, ); }; };
		1614A5572EB1528E005D5216 /* FirebaseInstallations.framework in Frameworks */ = {isa = PBXBuildFile; fileRef = 16E9A02D2EB0031200E33744 /* FirebaseInstallations.framework */; };
		1614A5582EB1528E005D5216 /* FirebaseInstallations.framework in Embed Frameworks */ = {isa = PBXBuildFile; fileRef = 16E9A02D2EB0031200E33744 /* FirebaseInstallations.framework */; settings = {ATTRIBUTES = (CodeSignOnCopy, RemoveHeadersOnCopy, ); }; };
		1614A5592EB1528E005D5216 /* FirebaseMessaging_Privacy.bundle in Embed PlugIns */ = {isa = PBXBuildFile; fileRef = 16E9A0332EB0031200E33744 /* FirebaseMessaging_Privacy.bundle */; settings = {ATTRIBUTES = (CodeSignOnCopy, RemoveHeadersOnCopy, ); }; };
		1614A55A2EB1528E005D5216 /* FirebaseMessaging.framework in Frameworks */ = {isa = PBXBuildFile; fileRef = 16E9A0312EB0031200E33744 /* FirebaseMessaging.framework */; };
		1614A55B2EB1528E005D5216 /* FirebaseMessaging.framework in Embed Frameworks */ = {isa = PBXBuildFile; fileRef = 16E9A0312EB0031200E33744 /* FirebaseMessaging.framework */; settings = {ATTRIBUTES = (CodeSignOnCopy, RemoveHeadersOnCopy, ); }; };
		1614A55C2EB1528E005D5216 /* GoogleDataTransport_Privacy.bundle in Embed PlugIns */ = {isa = PBXBuildFile; fileRef = 16E9A0372EB0031200E33744 /* GoogleDataTransport_Privacy.bundle */; settings = {ATTRIBUTES = (CodeSignOnCopy, RemoveHeadersOnCopy, ); }; };
		1614A55D2EB1528E005D5216 /* GoogleDataTransport.framework in Frameworks */ = {isa = PBXBuildFile; fileRef = 16E9A0352EB0031200E33744 /* GoogleDataTransport.framework */; };
		1614A55E2EB1528E005D5216 /* GoogleDataTransport.framework in Embed Frameworks */ = {isa = PBXBuildFile; fileRef = 16E9A0352EB0031200E33744 /* GoogleDataTransport.framework */; settings = {ATTRIBUTES = (CodeSignOnCopy, RemoveHeadersOnCopy, ); }; };
		1614A55F2EB1528E005D5216 /* GoogleUtilities_Privacy.bundle in Embed PlugIns */ = {isa = PBXBuildFile; fileRef = 16E9A03B2EB0031200E33744 /* GoogleUtilities_Privacy.bundle */; settings = {ATTRIBUTES = (CodeSignOnCopy, RemoveHeadersOnCopy, ); }; };
		1614A5602EB1528E005D5216 /* GoogleUtilities.framework in Frameworks */ = {isa = PBXBuildFile; fileRef = 16E9A0392EB0031200E33744 /* GoogleUtilities.framework */; };
		1614A5612EB1528E005D5216 /* GoogleUtilities.framework in Embed Frameworks */ = {isa = PBXBuildFile; fileRef = 16E9A0392EB0031200E33744 /* GoogleUtilities.framework */; settings = {ATTRIBUTES = (CodeSignOnCopy, RemoveHeadersOnCopy, ); }; };
		1614A5622EB1528E005D5216 /* nanopb_Privacy.bundle in Embed PlugIns */ = {isa = PBXBuildFile; fileRef = 16E9A03F2EB0031200E33744 /* nanopb_Privacy.bundle */; settings = {ATTRIBUTES = (CodeSignOnCopy, RemoveHeadersOnCopy, ); }; };
		1614A5632EB1528E005D5216 /* nanopb.framework in Frameworks */ = {isa = PBXBuildFile; fileRef = 16E9A03D2EB0031200E33744 /* nanopb.framework */; };
		1614A5642EB1528E005D5216 /* nanopb.framework in Embed Frameworks */ = {isa = PBXBuildFile; fileRef = 16E9A03D2EB0031200E33744 /* nanopb.framework */; settings = {ATTRIBUTES = (CodeSignOnCopy, RemoveHeadersOnCopy, ); }; };
		1614A5652EB1528E005D5216 /* Pods_App.framework in Frameworks */ = {isa = PBXBuildFile; fileRef = 16FAB1172EA81CBD0037283F /* Pods_App.framework */; };
		1614A5662EB1528E005D5216 /* Pods_App.framework in Embed Frameworks */ = {isa = PBXBuildFile; fileRef = 16FAB1172EA81CBD0037283F /* Pods_App.framework */; settings = {ATTRIBUTES = (CodeSignOnCopy, RemoveHeadersOnCopy, ); }; };
		1614A5CF2EB19F52005D5216 /* GoogleService-Info.plist in Resources */ = {isa = PBXBuildFile; fileRef = 1614A5CE2EB19F52005D5216 /* GoogleService-Info.plist */; };
		1614A6052EB1C490005D5216 /* Capacitor.framework in Frameworks */ = {isa = PBXBuildFile; fileRef = 16FAB10D2EA81CBD0037283F /* Capacitor.framework */; };
		1614A6062EB1C490005D5216 /* CapacitorGeolocation.framework in Frameworks */ = {isa = PBXBuildFile; fileRef = 16FAB1112EA81CBD0037283F /* CapacitorGeolocation.framework */; };
		1614A6072EB1C490005D5216 /* CapacitorLocalNotifications.framework in Frameworks */ = {isa = PBXBuildFile; fileRef = 16FAB1132EA81CBD0037283F /* CapacitorLocalNotifications.framework */; };
		1614A6082EB1C490005D5216 /* CapacitorPreferences.framework in Frameworks */ = {isa = PBXBuildFile; fileRef = 1614A6042EB1C410005D5216 /* CapacitorPreferences.framework */; };
		1614A6092EB1C490005D5216 /* CapacitorPreferences.framework in Embed Frameworks */ = {isa = PBXBuildFile; fileRef = 1614A6042EB1C410005D5216 /* CapacitorPreferences.framework */; settings = {ATTRIBUTES = (CodeSignOnCopy, RemoveHeadersOnCopy, ); }; };
		1614A60A2EB1C490005D5216 /* CapacitorPushNotifications.framework in Frameworks */ = {isa = PBXBuildFile; fileRef = 16FAB1152EA81CBD0037283F /* CapacitorPushNotifications.framework */; };
		1614A60B2EB1C490005D5216 /* Cordova.framework in Frameworks */ = {isa = PBXBuildFile; fileRef = 16FAB10F2EA81CBD0037283F /* Cordova.framework */; };
		1614A60C2EB1C490005D5216 /* FBLPromises.framework in Frameworks */ = {isa = PBXBuildFile; fileRef = 16E9A0412EB0031200E33744 /* FBLPromises.framework */; };
		1614A60D2EB1C490005D5216 /* FirebaseCore.framework in Frameworks */ = {isa = PBXBuildFile; fileRef = 16E9A0252EB0031200E33744 /* FirebaseCore.framework */; };
		1614A60E2EB1C490005D5216 /* FirebaseCoreInternal.framework in Frameworks */ = {isa = PBXBuildFile; fileRef = 16E9A0292EB0031200E33744 /* FirebaseCoreInternal.framework */; };
		1614A60F2EB1C490005D5216 /* FirebaseInstallations.framework in Frameworks */ = {isa = PBXBuildFile; fileRef = 16E9A02D2EB0031200E33744 /* FirebaseInstallations.framework */; };
		1614A6102EB1C490005D5216 /* FirebaseMessaging.framework in Frameworks */ = {isa = PBXBuildFile; fileRef = 16E9A0312EB0031200E33744 /* FirebaseMessaging.framework */; };
		1614A6112EB1C490005D5216 /* GoogleDataTransport.framework in Frameworks */ = {isa = PBXBuildFile; fileRef = 16E9A0352EB0031200E33744 /* GoogleDataTransport.framework */; };
		1614A6122EB1C490005D5216 /* GoogleUtilities.framework in Frameworks */ = {isa = PBXBuildFile; fileRef = 16E9A0392EB0031200E33744 /* GoogleUtilities.framework */; };
		1614A6132EB1C490005D5216 /* nanopb.framework in Frameworks */ = {isa = PBXBuildFile; fileRef = 16E9A03D2EB0031200E33744 /* nanopb.framework */; };
		1614A6142EB1C490005D5216 /* Pods_App.framework in Frameworks */ = {isa = PBXBuildFile; fileRef = 16FAB1172EA81CBD0037283F /* Pods_App.framework */; };
		1614A6642EB1CF5C005D5216 /* Capacitor.framework in Frameworks */ = {isa = PBXBuildFile; fileRef = 16FAB10D2EA81CBD0037283F /* Capacitor.framework */; };
		1614A6652EB1CF5C005D5216 /* CapacitorGeolocation.framework in Frameworks */ = {isa = PBXBuildFile; fileRef = 16FAB1112EA81CBD0037283F /* CapacitorGeolocation.framework */; };
		1614A6662EB1CF5C005D5216 /* CapacitorLocalNotifications.framework in Frameworks */ = {isa = PBXBuildFile; fileRef = 16FAB1132EA81CBD0037283F /* CapacitorLocalNotifications.framework */; };
		1614A6672EB1CF5C005D5216 /* CapacitorPreferences.framework in Frameworks */ = {isa = PBXBuildFile; fileRef = 1614A6042EB1C410005D5216 /* CapacitorPreferences.framework */; };
		1614A6682EB1CF5C005D5216 /* CapacitorPushNotifications.framework in Frameworks */ = {isa = PBXBuildFile; fileRef = 16FAB1152EA81CBD0037283F /* CapacitorPushNotifications.framework */; };
		1614A6692EB1CF5C005D5216 /* Cordova.framework in Frameworks */ = {isa = PBXBuildFile; fileRef = 16FAB10F2EA81CBD0037283F /* Cordova.framework */; };
		1614A66A2EB1CF5C005D5216 /* FBLPromises.framework in Frameworks */ = {isa = PBXBuildFile; fileRef = 16E9A0412EB0031200E33744 /* FBLPromises.framework */; };
		1614A66B2EB1CF5C005D5216 /* FirebaseCore.framework in Frameworks */ = {isa = PBXBuildFile; fileRef = 16E9A0252EB0031200E33744 /* FirebaseCore.framework */; };
		1614A66C2EB1CF5C005D5216 /* FirebaseCoreInternal.framework in Frameworks */ = {isa = PBXBuildFile; fileRef = 16E9A0292EB0031200E33744 /* FirebaseCoreInternal.framework */; };
		1614A66D2EB1CF5C005D5216 /* FirebaseInstallations.framework in Frameworks */ = {isa = PBXBuildFile; fileRef = 16E9A02D2EB0031200E33744 /* FirebaseInstallations.framework */; };
		1614A66E2EB1CF5C005D5216 /* FirebaseMessaging.framework in Frameworks */ = {isa = PBXBuildFile; fileRef = 16E9A0312EB0031200E33744 /* FirebaseMessaging.framework */; };
		1614A66F2EB1CF5C005D5216 /* GoogleDataTransport.framework in Frameworks */ = {isa = PBXBuildFile; fileRef = 16E9A0352EB0031200E33744 /* GoogleDataTransport.framework */; };
		1614A6702EB1CF5C005D5216 /* GoogleUtilities.framework in Frameworks */ = {isa = PBXBuildFile; fileRef = 16E9A0392EB0031200E33744 /* GoogleUtilities.framework */; };
		1614A6712EB1CF5C005D5216 /* nanopb.framework in Frameworks */ = {isa = PBXBuildFile; fileRef = 16E9A03D2EB0031200E33744 /* nanopb.framework */; };
		1614A6722EB1CF5C005D5216 /* Pods_App.framework in Frameworks */ = {isa = PBXBuildFile; fileRef = 16FAB1172EA81CBD0037283F /* Pods_App.framework */; };
		16FAB1182EA81CC40037283F /* Capacitor.framework in Frameworks */ = {isa = PBXBuildFile; fileRef = 16FAB10D2EA81CBD0037283F /* Capacitor.framework */; };
		16FAB1192EA81CC40037283F /* Capacitor.framework in Embed Frameworks */ = {isa = PBXBuildFile; fileRef = 16FAB10D2EA81CBD0037283F /* Capacitor.framework */; settings = {ATTRIBUTES = (CodeSignOnCopy, RemoveHeadersOnCopy, ); }; };
		16FAB11A2EA81CD30037283F /* CapacitorGeolocation.framework in Frameworks */ = {isa = PBXBuildFile; fileRef = 16FAB1112EA81CBD0037283F /* CapacitorGeolocation.framework */; };
		16FAB11B2EA81CD30037283F /* CapacitorGeolocation.framework in Embed Frameworks */ = {isa = PBXBuildFile; fileRef = 16FAB1112EA81CBD0037283F /* CapacitorGeolocation.framework */; settings = {ATTRIBUTES = (CodeSignOnCopy, RemoveHeadersOnCopy, ); }; };
		16FAB11C2EA81CDB0037283F /* CapacitorLocalNotifications.framework in Frameworks */ = {isa = PBXBuildFile; fileRef = 16FAB1132EA81CBD0037283F /* CapacitorLocalNotifications.framework */; };
		16FAB11D2EA81CDB0037283F /* CapacitorLocalNotifications.framework in Embed Frameworks */ = {isa = PBXBuildFile; fileRef = 16FAB1132EA81CBD0037283F /* CapacitorLocalNotifications.framework */; settings = {ATTRIBUTES = (CodeSignOnCopy, RemoveHeadersOnCopy, ); }; };
		16FAB11E2EA81CE00037283F /* CapacitorPushNotifications.framework in Frameworks */ = {isa = PBXBuildFile; fileRef = 16FAB1152EA81CBD0037283F /* CapacitorPushNotifications.framework */; };
		16FAB11F2EA81CE00037283F /* CapacitorPushNotifications.framework in Embed Frameworks */ = {isa = PBXBuildFile; fileRef = 16FAB1152EA81CBD0037283F /* CapacitorPushNotifications.framework */; settings = {ATTRIBUTES = (CodeSignOnCopy, RemoveHeadersOnCopy, ); }; };
		16FAB1202EA81CE70037283F /* Cordova.framework in Frameworks */ = {isa = PBXBuildFile; fileRef = 16FAB10F2EA81CBD0037283F /* Cordova.framework */; };
		16FAB1212EA81CE70037283F /* Cordova.framework in Embed Frameworks */ = {isa = PBXBuildFile; fileRef = 16FAB10F2EA81CBD0037283F /* Cordova.framework */; settings = {ATTRIBUTES = (CodeSignOnCopy, RemoveHeadersOnCopy, ); }; };
		16FAB12A2EA821110037283F /* IONGeolocationLib.xcframework in Frameworks */ = {isa = PBXBuildFile; fileRef = 16FAB0C22EA81CBD0037283F /* IONGeolocationLib.xcframework */; };
		16FAB12B2EA821110037283F /* IONGeolocationLib.xcframework in Embed Frameworks */ = {isa = PBXBuildFile; fileRef = 16FAB0C22EA81CBD0037283F /* IONGeolocationLib.xcframework */; settings = {ATTRIBUTES = (CodeSignOnCopy, RemoveHeadersOnCopy, ); }; };
		2FAD9763203C412B000D30F8 /* config.xml in Resources */ = {isa = PBXBuildFile; fileRef = 2FAD9762203C412B000D30F8 /* config.xml */; };
		50379B232058CBB4000EE86E /* capacitor.config.json in Resources */ = {isa = PBXBuildFile; fileRef = 50379B222058CBB4000EE86E /* capacitor.config.json */; };
		504EC3081FED79650016851F /* AppDelegate.swift in Sources */ = {isa = PBXBuildFile; fileRef = 504EC3071FED79650016851F /* AppDelegate.swift */; };
		504EC30D1FED79650016851F /* Main.storyboard in Resources */ = {isa = PBXBuildFile; fileRef = 504EC30B1FED79650016851F /* Main.storyboard */; };
		504EC30F1FED79650016851F /* Assets.xcassets in Resources */ = {isa = PBXBuildFile; fileRef = 504EC30E1FED79650016851F /* Assets.xcassets */; };
		504EC3121FED79650016851F /* LaunchScreen.storyboard in Resources */ = {isa = PBXBuildFile; fileRef = 504EC3101FED79650016851F /* LaunchScreen.storyboard */; };
		50B271D11FEDC1A000F3C39B /* public in Resources */ = {isa = PBXBuildFile; fileRef = 50B271D01FEDC1A000F3C39B /* public */; };
		67412198193EE1865B980E07 /* Pods_App.framework in Frameworks */ = {isa = PBXBuildFile; fileRef = 3E80D6AFA2A8DEA3A1199A7D /* Pods_App.framework */; };
/* End PBXBuildFile section */

/* Begin PBXContainerItemProxy section */
		1614A6032EB1C410005D5216 /* PBXContainerItemProxy */ = {
			isa = PBXContainerItemProxy;
			containerPortal = 16FAB1012EA81CBD0037283F /* Pods.xcodeproj */;
			proxyType = 2;
			remoteGlobalIDString = 3DACEBA8D9FF185120299BBB519CA59B;
			remoteInfo = CapacitorPreferences;
		};
		16E9A0242EB0031200E33744 /* PBXContainerItemProxy */ = {
			isa = PBXContainerItemProxy;
			containerPortal = 16FAB1012EA81CBD0037283F /* Pods.xcodeproj */;
			proxyType = 2;
			remoteGlobalIDString = E2B63D462DB7F827C4B11FD51E4F8E2D;
			remoteInfo = FirebaseCore;
		};
		16E9A0262EB0031200E33744 /* PBXContainerItemProxy */ = {
			isa = PBXContainerItemProxy;
			containerPortal = 16FAB1012EA81CBD0037283F /* Pods.xcodeproj */;
			proxyType = 2;
			remoteGlobalIDString = 8BB937B1C0DFFCF92F41861C2BC54DDA;
			remoteInfo = "FirebaseCore-FirebaseCore_Privacy";
		};
		16E9A0282EB0031200E33744 /* PBXContainerItemProxy */ = {
			isa = PBXContainerItemProxy;
			containerPortal = 16FAB1012EA81CBD0037283F /* Pods.xcodeproj */;
			proxyType = 2;
			remoteGlobalIDString = 148D0F9E8C7373FEAF40D800FC5F1BAA;
			remoteInfo = FirebaseCoreInternal;
		};
		16E9A02A2EB0031200E33744 /* PBXContainerItemProxy */ = {
			isa = PBXContainerItemProxy;
			containerPortal = 16FAB1012EA81CBD0037283F /* Pods.xcodeproj */;
			proxyType = 2;
			remoteGlobalIDString = 4DB03FD262B678178A44272143846563;
			remoteInfo = "FirebaseCoreInternal-FirebaseCoreInternal_Privacy";
		};
		16E9A02C2EB0031200E33744 /* PBXContainerItemProxy */ = {
			isa = PBXContainerItemProxy;
			containerPortal = 16FAB1012EA81CBD0037283F /* Pods.xcodeproj */;
			proxyType = 2;
			remoteGlobalIDString = 13C8C8B254851998F9289F71229B28A2;
			remoteInfo = FirebaseInstallations;
		};
		16E9A02E2EB0031200E33744 /* PBXContainerItemProxy */ = {
			isa = PBXContainerItemProxy;
			containerPortal = 16FAB1012EA81CBD0037283F /* Pods.xcodeproj */;
			proxyType = 2;
			remoteGlobalIDString = 47C581450CDB4A6111CB97EEE0711A8C;
			remoteInfo = "FirebaseInstallations-FirebaseInstallations_Privacy";
		};
		16E9A0302EB0031200E33744 /* PBXContainerItemProxy */ = {
			isa = PBXContainerItemProxy;
			containerPortal = 16FAB1012EA81CBD0037283F /* Pods.xcodeproj */;
			proxyType = 2;
			remoteGlobalIDString = 5B654B4B042BA7DC93766943A643E42B;
			remoteInfo = FirebaseMessaging;
		};
		16E9A0322EB0031200E33744 /* PBXContainerItemProxy */ = {
			isa = PBXContainerItemProxy;
			containerPortal = 16FAB1012EA81CBD0037283F /* Pods.xcodeproj */;
			proxyType = 2;
			remoteGlobalIDString = B0B6501341FD6783C6874C54AB31A9CF;
			remoteInfo = "FirebaseMessaging-FirebaseMessaging_Privacy";
		};
		16E9A0342EB0031200E33744 /* PBXContainerItemProxy */ = {
			isa = PBXContainerItemProxy;
			containerPortal = 16FAB1012EA81CBD0037283F /* Pods.xcodeproj */;
			proxyType = 2;
			remoteGlobalIDString = 856B5CD56F194FAD26EA91620B66D614;
			remoteInfo = GoogleDataTransport;
		};
		16E9A0362EB0031200E33744 /* PBXContainerItemProxy */ = {
			isa = PBXContainerItemProxy;
			containerPortal = 16FAB1012EA81CBD0037283F /* Pods.xcodeproj */;
			proxyType = 2;
			remoteGlobalIDString = F73AA961F4AEFF2B46B00AE435DF6BE3;
			remoteInfo = "GoogleDataTransport-GoogleDataTransport_Privacy";
		};
		16E9A0382EB0031200E33744 /* PBXContainerItemProxy */ = {
			isa = PBXContainerItemProxy;
			containerPortal = 16FAB1012EA81CBD0037283F /* Pods.xcodeproj */;
			proxyType = 2;
			remoteGlobalIDString = B43874C6CBB50E7134FBEC24BABFE14F;
			remoteInfo = GoogleUtilities;
		};
		16E9A03A2EB0031200E33744 /* PBXContainerItemProxy */ = {
			isa = PBXContainerItemProxy;
			containerPortal = 16FAB1012EA81CBD0037283F /* Pods.xcodeproj */;
			proxyType = 2;
			remoteGlobalIDString = 44E291D18340EAC3F761346198515323;
			remoteInfo = "GoogleUtilities-GoogleUtilities_Privacy";
		};
		16E9A03C2EB0031200E33744 /* PBXContainerItemProxy */ = {
			isa = PBXContainerItemProxy;
			containerPortal = 16FAB1012EA81CBD0037283F /* Pods.xcodeproj */;
			proxyType = 2;
			remoteGlobalIDString = 06FC5C9CF96D60C50FCD47D339C91951;
			remoteInfo = nanopb;
		};
		16E9A03E2EB0031200E33744 /* PBXContainerItemProxy */ = {
			isa = PBXContainerItemProxy;
			containerPortal = 16FAB1012EA81CBD0037283F /* Pods.xcodeproj */;
			proxyType = 2;
			remoteGlobalIDString = 3227F3FC45681D7CEE5D1355A532398A;
			remoteInfo = "nanopb-nanopb_Privacy";
		};
		16E9A0402EB0031200E33744 /* PBXContainerItemProxy */ = {
			isa = PBXContainerItemProxy;
			containerPortal = 16FAB1012EA81CBD0037283F /* Pods.xcodeproj */;
			proxyType = 2;
			remoteGlobalIDString = 3347A1AB6546F0A3977529B8F199DC41;
			remoteInfo = PromisesObjC;
		};
		16E9A0422EB0031200E33744 /* PBXContainerItemProxy */ = {
			isa = PBXContainerItemProxy;
			containerPortal = 16FAB1012EA81CBD0037283F /* Pods.xcodeproj */;
			proxyType = 2;
			remoteGlobalIDString = 3F238BB22C5201CE689CAF2F766AED95;
			remoteInfo = "PromisesObjC-FBLPromises_Privacy";
		};
		16FAB10C2EA81CBD0037283F /* PBXContainerItemProxy */ = {
			isa = PBXContainerItemProxy;
			containerPortal = 16FAB1012EA81CBD0037283F /* Pods.xcodeproj */;
			proxyType = 2;
			remoteGlobalIDString = 44D6062E8C618EC2B8F1D7229E8AD501;
			remoteInfo = Capacitor;
		};
		16FAB10E2EA81CBD0037283F /* PBXContainerItemProxy */ = {
			isa = PBXContainerItemProxy;
			containerPortal = 16FAB1012EA81CBD0037283F /* Pods.xcodeproj */;
			proxyType = 2;
			remoteGlobalIDString = 1ABFDA3391AEBA42EFB0FEBF824A6E34;
			remoteInfo = CapacitorCordova;
		};
		16FAB1102EA81CBD0037283F /* PBXContainerItemProxy */ = {
			isa = PBXContainerItemProxy;
			containerPortal = 16FAB1012EA81CBD0037283F /* Pods.xcodeproj */;
			proxyType = 2;
			remoteGlobalIDString = 26969F9EEC9F4DDCD493EF0884E1EDEC;
			remoteInfo = CapacitorGeolocation;
		};
		16FAB1122EA81CBD0037283F /* PBXContainerItemProxy */ = {
			isa = PBXContainerItemProxy;
			containerPortal = 16FAB1012EA81CBD0037283F /* Pods.xcodeproj */;
			proxyType = 2;
			remoteGlobalIDString = 70E052060A1D7DF2CCC7B1124232A9F7;
			remoteInfo = CapacitorLocalNotifications;
		};
		16FAB1142EA81CBD0037283F /* PBXContainerItemProxy */ = {
			isa = PBXContainerItemProxy;
			containerPortal = 16FAB1012EA81CBD0037283F /* Pods.xcodeproj */;
			proxyType = 2;
			remoteGlobalIDString = A9C1AE5EF2DE4871B3A49E5726100845;
			remoteInfo = CapacitorPushNotifications;
		};
		16FAB1162EA81CBD0037283F /* PBXContainerItemProxy */ = {
			isa = PBXContainerItemProxy;
			containerPortal = 16FAB1012EA81CBD0037283F /* Pods.xcodeproj */;
			proxyType = 2;
			remoteGlobalIDString = 5BEF4602752E47C46E8C10FB8B4B57F2;
			remoteInfo = "Pods-App";
		};
/* End PBXContainerItemProxy section */

/* Begin PBXCopyFilesBuildPhase section */
		1614A5672EB1528E005D5216 /* Embed PlugIns */ = {
			isa = PBXCopyFilesBuildPhase;
			buildActionMask = 2147483647;
			dstPath = "";
			dstSubfolderSpec = 13;
			files = (
				1614A5622EB1528E005D5216 /* nanopb_Privacy.bundle in Embed PlugIns */,
				1614A5502EB1528E005D5216 /* FirebaseCore_Privacy.bundle in Embed PlugIns */,
				1614A54D2EB1528E005D5216 /* FBLPromises_Privacy.bundle in Embed PlugIns */,
				1614A55F2EB1528E005D5216 /* GoogleUtilities_Privacy.bundle in Embed PlugIns */,
				1614A5592EB1528E005D5216 /* FirebaseMessaging_Privacy.bundle in Embed PlugIns */,
				1614A5532EB1528E005D5216 /* FirebaseCoreInternal_Privacy.bundle in Embed PlugIns */,
				1614A5562EB1528E005D5216 /* FirebaseInstallations_Privacy.bundle in Embed PlugIns */,
				1614A55C2EB1528E005D5216 /* GoogleDataTransport_Privacy.bundle in Embed PlugIns */,
			);
			name = "Embed PlugIns";
			runOnlyForDeploymentPostprocessing = 0;
		};
		16FAB0C02EA81C260037283F /* Embed Frameworks */ = {
			isa = PBXCopyFilesBuildPhase;
			buildActionMask = 2147483647;
			dstPath = "";
			dstSubfolderSpec = 10;
			files = (
				1614A5662EB1528E005D5216 /* Pods_App.framework in Embed Frameworks */,
				16FAB11D2EA81CDB0037283F /* CapacitorLocalNotifications.framework in Embed Frameworks */,
				1614A6092EB1C490005D5216 /* CapacitorPreferences.framework in Embed Frameworks */,
				1614A5582EB1528E005D5216 /* FirebaseInstallations.framework in Embed Frameworks */,
				16FAB11F2EA81CE00037283F /* CapacitorPushNotifications.framework in Embed Frameworks */,
				16FAB1212EA81CE70037283F /* Cordova.framework in Embed Frameworks */,
				16FAB12B2EA821110037283F /* IONGeolocationLib.xcframework in Embed Frameworks */,
				1614A5522EB1528E005D5216 /* FirebaseCore.framework in Embed Frameworks */,
				16FAB11B2EA81CD30037283F /* CapacitorGeolocation.framework in Embed Frameworks */,
				1614A5552EB1528E005D5216 /* FirebaseCoreInternal.framework in Embed Frameworks */,
				1614A54F2EB1528E005D5216 /* FBLPromises.framework in Embed Frameworks */,
				1614A55E2EB1528E005D5216 /* GoogleDataTransport.framework in Embed Frameworks */,
				1614A5642EB1528E005D5216 /* nanopb.framework in Embed Frameworks */,
				16FAB1192EA81CC40037283F /* Capacitor.framework in Embed Frameworks */,
				1614A5612EB1528E005D5216 /* GoogleUtilities.framework in Embed Frameworks */,
				1614A55B2EB1528E005D5216 /* FirebaseMessaging.framework in Embed Frameworks */,
			);
			name = "Embed Frameworks";
			runOnlyForDeploymentPostprocessing = 0;
		};
/* End PBXCopyFilesBuildPhase section */

/* Begin PBXFileReference section */
		1614A5CE2EB19F52005D5216 /* GoogleService-Info.plist */ = {isa = PBXFileReference; lastKnownFileType = text.plist.xml; path = "GoogleService-Info.plist"; sourceTree = "<group>"; };
		167A3BA32EAFA95000DB4861 /* App.entitlements */ = {isa = PBXFileReference; lastKnownFileType = text.plist.entitlements; path = App.entitlements; sourceTree = "<group>"; };
		16FAB0B82EA81BA10037283F /* Capacitor.framework */ = {isa = PBXFileReference; explicitFileType = wrapper.framework; path = Capacitor.framework; sourceTree = BUILT_PRODUCTS_DIR; };
		16FAB0C22EA81CBD0037283F /* IONGeolocationLib.xcframework */ = {isa = PBXFileReference; lastKnownFileType = wrapper.xcframework; path = IONGeolocationLib.xcframework; sourceTree = "<group>"; };
		16FAB0C32EA81CBD0037283F /* LICENSE */ = {isa = PBXFileReference; lastKnownFileType = text; path = LICENSE; sourceTree = "<group>"; };
		16FAB0C52EA81CBD0037283F /* Capacitor.podspec.json */ = {isa = PBXFileReference; lastKnownFileType = text.json; path = Capacitor.podspec.json; sourceTree = "<group>"; };
		16FAB0C62EA81CBD0037283F /* CapacitorCordova.podspec.json */ = {isa = PBXFileReference; lastKnownFileType = text.json; path = CapacitorCordova.podspec.json; sourceTree = "<group>"; };
		16FAB0C72EA81CBD0037283F /* CapacitorGeolocation.podspec.json */ = {isa = PBXFileReference; lastKnownFileType = text.json; path = CapacitorGeolocation.podspec.json; sourceTree = "<group>"; };
		16FAB0C82EA81CBD0037283F /* CapacitorLocalNotifications.podspec.json */ = {isa = PBXFileReference; lastKnownFileType = text.json; path = CapacitorLocalNotifications.podspec.json; sourceTree = "<group>"; };
		16FAB0C92EA81CBD0037283F /* CapacitorPushNotifications.podspec.json */ = {isa = PBXFileReference; lastKnownFileType = text.json; path = CapacitorPushNotifications.podspec.json; sourceTree = "<group>"; };
		16FAB0CB2EA81CBD0037283F /* Capacitor.modulemap */ = {isa = PBXFileReference; lastKnownFileType = "sourcecode.module-map"; path = Capacitor.modulemap; sourceTree = "<group>"; };
		16FAB0CC2EA81CBD0037283F /* Capacitor-dummy.m */ = {isa = PBXFileReference; lastKnownFileType = sourcecode.c.objc; path = "Capacitor-dummy.m"; sourceTree = "<group>"; };
		16FAB0CD2EA81CBD0037283F /* Capacitor-Info.plist */ = {isa = PBXFileReference; lastKnownFileType = text.plist.xml; path = "Capacitor-Info.plist"; sourceTree = "<group>"; };
		16FAB0CE2EA81CBD0037283F /* Capacitor-prefix.pch */ = {isa = PBXFileReference; lastKnownFileType = sourcecode.c.h; path = "Capacitor-prefix.pch"; sourceTree = "<group>"; };
		16FAB0CF2EA81CBD0037283F /* Capacitor.debug.xcconfig */ = {isa = PBXFileReference; lastKnownFileType = text.xcconfig; path = Capacitor.debug.xcconfig; sourceTree = "<group>"; };
		16FAB0D02EA81CBD0037283F /* Capacitor.release.xcconfig */ = {isa = PBXFileReference; lastKnownFileType = text.xcconfig; path = Capacitor.release.xcconfig; sourceTree = "<group>"; };
		16FAB0D22EA81CBD0037283F /* CapacitorCordova.modulemap */ = {isa = PBXFileReference; lastKnownFileType = "sourcecode.module-map"; path = CapacitorCordova.modulemap; sourceTree = "<group>"; };
		16FAB0D32EA81CBD0037283F /* CapacitorCordova-dummy.m */ = {isa = PBXFileReference; lastKnownFileType = sourcecode.c.objc; path = "CapacitorCordova-dummy.m"; sourceTree = "<group>"; };
		16FAB0D42EA81CBD0037283F /* CapacitorCordova-Info.plist */ = {isa = PBXFileReference; lastKnownFileType = text.plist.xml; path = "CapacitorCordova-Info.plist"; sourceTree = "<group>"; };
		16FAB0D52EA81CBD0037283F /* CapacitorCordova-prefix.pch */ = {isa = PBXFileReference; lastKnownFileType = sourcecode.c.h; path = "CapacitorCordova-prefix.pch"; sourceTree = "<group>"; };
		16FAB0D62EA81CBD0037283F /* CapacitorCordova.debug.xcconfig */ = {isa = PBXFileReference; lastKnownFileType = text.xcconfig; path = CapacitorCordova.debug.xcconfig; sourceTree = "<group>"; };
		16FAB0D72EA81CBD0037283F /* CapacitorCordova.release.xcconfig */ = {isa = PBXFileReference; lastKnownFileType = text.xcconfig; path = CapacitorCordova.release.xcconfig; sourceTree = "<group>"; };
		16FAB0D92EA81CBD0037283F /* CapacitorGeolocation.modulemap */ = {isa = PBXFileReference; lastKnownFileType = "sourcecode.module-map"; path = CapacitorGeolocation.modulemap; sourceTree = "<group>"; };
		16FAB0DA2EA81CBD0037283F /* CapacitorGeolocation-dummy.m */ = {isa = PBXFileReference; lastKnownFileType = sourcecode.c.objc; path = "CapacitorGeolocation-dummy.m"; sourceTree = "<group>"; };
		16FAB0DB2EA81CBD0037283F /* CapacitorGeolocation-Info.plist */ = {isa = PBXFileReference; lastKnownFileType = text.plist.xml; path = "CapacitorGeolocation-Info.plist"; sourceTree = "<group>"; };
		16FAB0DC2EA81CBD0037283F /* CapacitorGeolocation-prefix.pch */ = {isa = PBXFileReference; lastKnownFileType = sourcecode.c.h; path = "CapacitorGeolocation-prefix.pch"; sourceTree = "<group>"; };
		16FAB0DD2EA81CBD0037283F /* CapacitorGeolocation-umbrella.h */ = {isa = PBXFileReference; lastKnownFileType = sourcecode.c.h; path = "CapacitorGeolocation-umbrella.h"; sourceTree = "<group>"; };
		16FAB0DE2EA81CBD0037283F /* CapacitorGeolocation.debug.xcconfig */ = {isa = PBXFileReference; lastKnownFileType = text.xcconfig; path = CapacitorGeolocation.debug.xcconfig; sourceTree = "<group>"; };
		16FAB0DF2EA81CBD0037283F /* CapacitorGeolocation.release.xcconfig */ = {isa = PBXFileReference; lastKnownFileType = text.xcconfig; path = CapacitorGeolocation.release.xcconfig; sourceTree = "<group>"; };
		16FAB0E12EA81CBD0037283F /* CapacitorLocalNotifications.modulemap */ = {isa = PBXFileReference; lastKnownFileType = "sourcecode.module-map"; path = CapacitorLocalNotifications.modulemap; sourceTree = "<group>"; };
		16FAB0E22EA81CBD0037283F /* CapacitorLocalNotifications-dummy.m */ = {isa = PBXFileReference; lastKnownFileType = sourcecode.c.objc; path = "CapacitorLocalNotifications-dummy.m"; sourceTree = "<group>"; };
		16FAB0E32EA81CBD0037283F /* CapacitorLocalNotifications-Info.plist */ = {isa = PBXFileReference; lastKnownFileType = text.plist.xml; path = "CapacitorLocalNotifications-Info.plist"; sourceTree = "<group>"; };
		16FAB0E42EA81CBD0037283F /* CapacitorLocalNotifications-prefix.pch */ = {isa = PBXFileReference; lastKnownFileType = sourcecode.c.h; path = "CapacitorLocalNotifications-prefix.pch"; sourceTree = "<group>"; };
		16FAB0E52EA81CBD0037283F /* CapacitorLocalNotifications-umbrella.h */ = {isa = PBXFileReference; lastKnownFileType = sourcecode.c.h; path = "CapacitorLocalNotifications-umbrella.h"; sourceTree = "<group>"; };
		16FAB0E62EA81CBD0037283F /* CapacitorLocalNotifications.debug.xcconfig */ = {isa = PBXFileReference; lastKnownFileType = text.xcconfig; path = CapacitorLocalNotifications.debug.xcconfig; sourceTree = "<group>"; };
		16FAB0E72EA81CBD0037283F /* CapacitorLocalNotifications.release.xcconfig */ = {isa = PBXFileReference; lastKnownFileType = text.xcconfig; path = CapacitorLocalNotifications.release.xcconfig; sourceTree = "<group>"; };
		16FAB0E92EA81CBD0037283F /* CapacitorPushNotifications.modulemap */ = {isa = PBXFileReference; lastKnownFileType = "sourcecode.module-map"; path = CapacitorPushNotifications.modulemap; sourceTree = "<group>"; };
		16FAB0EA2EA81CBD0037283F /* CapacitorPushNotifications-dummy.m */ = {isa = PBXFileReference; lastKnownFileType = sourcecode.c.objc; path = "CapacitorPushNotifications-dummy.m"; sourceTree = "<group>"; };
		16FAB0EB2EA81CBD0037283F /* CapacitorPushNotifications-Info.plist */ = {isa = PBXFileReference; lastKnownFileType = text.plist.xml; path = "CapacitorPushNotifications-Info.plist"; sourceTree = "<group>"; };
		16FAB0EC2EA81CBD0037283F /* CapacitorPushNotifications-prefix.pch */ = {isa = PBXFileReference; lastKnownFileType = sourcecode.c.h; path = "CapacitorPushNotifications-prefix.pch"; sourceTree = "<group>"; };
		16FAB0ED2EA81CBD0037283F /* CapacitorPushNotifications-umbrella.h */ = {isa = PBXFileReference; lastKnownFileType = sourcecode.c.h; path = "CapacitorPushNotifications-umbrella.h"; sourceTree = "<group>"; };
		16FAB0EE2EA81CBD0037283F /* CapacitorPushNotifications.debug.xcconfig */ = {isa = PBXFileReference; lastKnownFileType = text.xcconfig; path = CapacitorPushNotifications.debug.xcconfig; sourceTree = "<group>"; };
		16FAB0EF2EA81CBD0037283F /* CapacitorPushNotifications.release.xcconfig */ = {isa = PBXFileReference; lastKnownFileType = text.xcconfig; path = CapacitorPushNotifications.release.xcconfig; sourceTree = "<group>"; };
		16FAB0F12EA81CBD0037283F /* IONGeolocationLib-xcframeworks.sh */ = {isa = PBXFileReference; lastKnownFileType = text.script.sh; path = "IONGeolocationLib-xcframeworks.sh"; sourceTree = "<group>"; };
		16FAB0F22EA81CBD0037283F /* IONGeolocationLib.debug.xcconfig */ = {isa = PBXFileReference; lastKnownFileType = text.xcconfig; path = IONGeolocationLib.debug.xcconfig; sourceTree = "<group>"; };
		16FAB0F32EA81CBD0037283F /* IONGeolocationLib.release.xcconfig */ = {isa = PBXFileReference; lastKnownFileType = text.xcconfig; path = IONGeolocationLib.release.xcconfig; sourceTree = "<group>"; };
		16FAB0F52EA81CBD0037283F /* Pods-App.modulemap */ = {isa = PBXFileReference; lastKnownFileType = "sourcecode.module-map"; path = "Pods-App.modulemap"; sourceTree = "<group>"; };
		16FAB0F62EA81CBD0037283F /* Pods-App-acknowledgements.markdown */ = {isa = PBXFileReference; lastKnownFileType = net.daringfireball.markdown; path = "Pods-App-acknowledgements.markdown"; sourceTree = "<group>"; };
		16FAB0F72EA81CBD0037283F /* Pods-App-acknowledgements.plist */ = {isa = PBXFileReference; lastKnownFileType = text.plist.xml; path = "Pods-App-acknowledgements.plist"; sourceTree = "<group>"; };
		16FAB0F82EA81CBD0037283F /* Pods-App-dummy.m */ = {isa = PBXFileReference; lastKnownFileType = sourcecode.c.objc; path = "Pods-App-dummy.m"; sourceTree = "<group>"; };
		16FAB0F92EA81CBD0037283F /* Pods-App-frameworks.sh */ = {isa = PBXFileReference; lastKnownFileType = text.script.sh; path = "Pods-App-frameworks.sh"; sourceTree = "<group>"; };
		16FAB0FA2EA81CBD0037283F /* Pods-App-Info.plist */ = {isa = PBXFileReference; lastKnownFileType = text.plist.xml; path = "Pods-App-Info.plist"; sourceTree = "<group>"; };
		16FAB0FB2EA81CBD0037283F /* Pods-App-umbrella.h */ = {isa = PBXFileReference; lastKnownFileType = sourcecode.c.h; path = "Pods-App-umbrella.h"; sourceTree = "<group>"; };
		16FAB0FC2EA81CBD0037283F /* Pods-App.debug.xcconfig */ = {isa = PBXFileReference; lastKnownFileType = text.xcconfig; path = "Pods-App.debug.xcconfig"; sourceTree = "<group>"; };
		16FAB0FD2EA81CBD0037283F /* Pods-App.release.xcconfig */ = {isa = PBXFileReference; lastKnownFileType = text.xcconfig; path = "Pods-App.release.xcconfig"; sourceTree = "<group>"; };
		16FAB1002EA81CBD0037283F /* Manifest.lock */ = {isa = PBXFileReference; lastKnownFileType = text; path = Manifest.lock; sourceTree = "<group>"; };
		16FAB1012EA81CBD0037283F /* Pods.xcodeproj */ = {isa = PBXFileReference; lastKnownFileType = "wrapper.pb-project"; path = Pods.xcodeproj; sourceTree = "<group>"; };
		2FAD9762203C412B000D30F8 /* config.xml */ = {isa = PBXFileReference; lastKnownFileType = text.xml; path = config.xml; sourceTree = "<group>"; };
		3E80D6AFA2A8DEA3A1199A7D /* Pods_App.framework */ = {isa = PBXFileReference; explicitFileType = wrapper.framework; includeInIndex = 0; path = Pods_App.framework; sourceTree = BUILT_PRODUCTS_DIR; };
		49D0493507421FB3A5A9A98B /* Pods-App.debug.xcconfig */ = {isa = PBXFileReference; includeInIndex = 1; lastKnownFileType = text.xcconfig; name = "Pods-App.debug.xcconfig"; path = "Target Support Files/Pods-App/Pods-App.debug.xcconfig"; sourceTree = "<group>"; };
		50379B222058CBB4000EE86E /* capacitor.config.json */ = {isa = PBXFileReference; fileEncoding = 4; lastKnownFileType = text.json; path = capacitor.config.json; sourceTree = "<group>"; };
		504EC3041FED79650016851F /* App.app */ = {isa = PBXFileReference; explicitFileType = wrapper.application; includeInIndex = 0; path = App.app; sourceTree = BUILT_PRODUCTS_DIR; };
		504EC3071FED79650016851F /* AppDelegate.swift */ = {isa = PBXFileReference; lastKnownFileType = sourcecode.swift; path = AppDelegate.swift; sourceTree = "<group>"; };
		504EC30C1FED79650016851F /* Base */ = {isa = PBXFileReference; lastKnownFileType = file.storyboard; name = Base; path = Base.lproj/Main.storyboard; sourceTree = "<group>"; };
		504EC30E1FED79650016851F /* Assets.xcassets */ = {isa = PBXFileReference; lastKnownFileType = folder.assetcatalog; path = Assets.xcassets; sourceTree = "<group>"; };
		504EC3111FED79650016851F /* Base */ = {isa = PBXFileReference; lastKnownFileType = file.storyboard; name = Base; path = Base.lproj/LaunchScreen.storyboard; sourceTree = "<group>"; };
		504EC3131FED79650016851F /* Info.plist */ = {isa = PBXFileReference; lastKnownFileType = text.plist.xml; path = Info.plist; sourceTree = "<group>"; };
		50B271D01FEDC1A000F3C39B /* public */ = {isa = PBXFileReference; lastKnownFileType = folder; path = public; sourceTree = "<group>"; };
		9DDC55B356B77304B43D1FB0 /* Pods-App.release.xcconfig */ = {isa = PBXFileReference; includeInIndex = 1; lastKnownFileType = text.xcconfig; name = "Pods-App.release.xcconfig"; path = "Target Support Files/Pods-App/Pods-App.release.xcconfig"; sourceTree = "<group>"; };
/* End PBXFileReference section */

/* Begin PBXFrameworksBuildPhase section */
		504EC3011FED79650016851F /* Frameworks */ = {
			isa = PBXFrameworksBuildPhase;
			buildActionMask = 2147483647;
			files = (
				1614A6142EB1C490005D5216 /* Pods_App.framework in Frameworks */,
				1614A54A2EB1528E005D5216 /* CapacitorLocalNotifications.framework in Frameworks */,
				1614A6672EB1CF5C005D5216 /* CapacitorPreferences.framework in Frameworks */,
				1614A6722EB1CF5C005D5216 /* Pods_App.framework in Frameworks */,
				1614A5572EB1528E005D5216 /* FirebaseInstallations.framework in Frameworks */,
				1614A66A2EB1CF5C005D5216 /* FBLPromises.framework in Frameworks */,
				1614A5632EB1528E005D5216 /* nanopb.framework in Frameworks */,
				1614A66C2EB1CF5C005D5216 /* FirebaseCoreInternal.framework in Frameworks */,
				1614A66E2EB1CF5C005D5216 /* FirebaseMessaging.framework in Frameworks */,
				1614A5652EB1528E005D5216 /* Pods_App.framework in Frameworks */,
				1614A60A2EB1C490005D5216 /* CapacitorPushNotifications.framework in Frameworks */,
				1614A6652EB1CF5C005D5216 /* CapacitorGeolocation.framework in Frameworks */,
				1614A6062EB1C490005D5216 /* CapacitorGeolocation.framework in Frameworks */,
				16FAB11C2EA81CDB0037283F /* CapacitorLocalNotifications.framework in Frameworks */,
				1614A60D2EB1C490005D5216 /* FirebaseCore.framework in Frameworks */,
				1614A55A2EB1528E005D5216 /* FirebaseMessaging.framework in Frameworks */,
				1614A6662EB1CF5C005D5216 /* CapacitorLocalNotifications.framework in Frameworks */,
				1614A6082EB1C490005D5216 /* CapacitorPreferences.framework in Frameworks */,
				1614A54E2EB1528E005D5216 /* FBLPromises.framework in Frameworks */,
				1614A5602EB1528E005D5216 /* GoogleUtilities.framework in Frameworks */,
				1614A60F2EB1C490005D5216 /* FirebaseInstallations.framework in Frameworks */,
				16FAB11E2EA81CE00037283F /* CapacitorPushNotifications.framework in Frameworks */,
				1614A5512EB1528E005D5216 /* FirebaseCore.framework in Frameworks */,
				1614A6712EB1CF5C005D5216 /* nanopb.framework in Frameworks */,
				1614A54C2EB1528E005D5216 /* Cordova.framework in Frameworks */,
				1614A6642EB1CF5C005D5216 /* Capacitor.framework in Frameworks */,
				1614A66D2EB1CF5C005D5216 /* FirebaseInstallations.framework in Frameworks */,
				1614A5542EB1528E005D5216 /* FirebaseCoreInternal.framework in Frameworks */,
				1614A6132EB1C490005D5216 /* nanopb.framework in Frameworks */,
				16FAB1202EA81CE70037283F /* Cordova.framework in Frameworks */,
				16FAB12A2EA821110037283F /* IONGeolocationLib.xcframework in Frameworks */,
				16FAB11A2EA81CD30037283F /* CapacitorGeolocation.framework in Frameworks */,
				1614A5482EB1528E005D5216 /* Capacitor.framework in Frameworks */,
				1614A60C2EB1C490005D5216 /* FBLPromises.framework in Frameworks */,
				1614A6102EB1C490005D5216 /* FirebaseMessaging.framework in Frameworks */,
				1614A60E2EB1C490005D5216 /* FirebaseCoreInternal.framework in Frameworks */,
				1614A6702EB1CF5C005D5216 /* GoogleUtilities.framework in Frameworks */,
				1614A6112EB1C490005D5216 /* GoogleDataTransport.framework in Frameworks */,
				16FAB1182EA81CC40037283F /* Capacitor.framework in Frameworks */,
				1614A6052EB1C490005D5216 /* Capacitor.framework in Frameworks */,
				1614A6692EB1CF5C005D5216 /* Cordova.framework in Frameworks */,
				1614A60B2EB1C490005D5216 /* Cordova.framework in Frameworks */,
				1614A66B2EB1CF5C005D5216 /* FirebaseCore.framework in Frameworks */,
				1614A5492EB1528E005D5216 /* CapacitorGeolocation.framework in Frameworks */,
				1614A6682EB1CF5C005D5216 /* CapacitorPushNotifications.framework in Frameworks */,
				1614A6072EB1C490005D5216 /* CapacitorLocalNotifications.framework in Frameworks */,
				1614A6122EB1C490005D5216 /* GoogleUtilities.framework in Frameworks */,
				1614A55D2EB1528E005D5216 /* GoogleDataTransport.framework in Frameworks */,
				1614A66F2EB1CF5C005D5216 /* GoogleDataTransport.framework in Frameworks */,
				1614A54B2EB1528E005D5216 /* CapacitorPushNotifications.framework in Frameworks */,
				67412198193EE1865B980E07 /* Pods_App.framework in Frameworks */,
			);
			runOnlyForDeploymentPostprocessing = 0;
		};
/* End PBXFrameworksBuildPhase section */

/* Begin PBXGroup section */
		16FAB0C12EA81CBD0037283F /* Headers */ = {
			isa = PBXGroup;
			children = (
			);
			path = Headers;
			sourceTree = "<group>";
		};
		16FAB0C42EA81CBD0037283F /* IONGeolocationLib */ = {
			isa = PBXGroup;
			children = (
				16FAB0C22EA81CBD0037283F /* IONGeolocationLib.xcframework */,
				16FAB0C32EA81CBD0037283F /* LICENSE */,
			);
			path = IONGeolocationLib;
			sourceTree = "<group>";
		};
		16FAB0CA2EA81CBD0037283F /* Local Podspecs */ = {
			isa = PBXGroup;
			children = (
				16FAB0C52EA81CBD0037283F /* Capacitor.podspec.json */,
				16FAB0C62EA81CBD0037283F /* CapacitorCordova.podspec.json */,
				16FAB0C72EA81CBD0037283F /* CapacitorGeolocation.podspec.json */,
				16FAB0C82EA81CBD0037283F /* CapacitorLocalNotifications.podspec.json */,
				16FAB0C92EA81CBD0037283F /* CapacitorPushNotifications.podspec.json */,
			);
			path = "Local Podspecs";
			sourceTree = "<group>";
		};
		16FAB0D12EA81CBD0037283F /* Capacitor */ = {
			isa = PBXGroup;
			children = (
				16FAB0CB2EA81CBD0037283F /* Capacitor.modulemap */,
				16FAB0CC2EA81CBD0037283F /* Capacitor-dummy.m */,
				16FAB0CD2EA81CBD0037283F /* Capacitor-Info.plist */,
				16FAB0CE2EA81CBD0037283F /* Capacitor-prefix.pch */,
				16FAB0CF2EA81CBD0037283F /* Capacitor.debug.xcconfig */,
				16FAB0D02EA81CBD0037283F /* Capacitor.release.xcconfig */,
			);
			path = Capacitor;
			sourceTree = "<group>";
		};
		16FAB0D82EA81CBD0037283F /* CapacitorCordova */ = {
			isa = PBXGroup;
			children = (
				16FAB0D22EA81CBD0037283F /* CapacitorCordova.modulemap */,
				16FAB0D32EA81CBD0037283F /* CapacitorCordova-dummy.m */,
				16FAB0D42EA81CBD0037283F /* CapacitorCordova-Info.plist */,
				16FAB0D52EA81CBD0037283F /* CapacitorCordova-prefix.pch */,
				16FAB0D62EA81CBD0037283F /* CapacitorCordova.debug.xcconfig */,
				16FAB0D72EA81CBD0037283F /* CapacitorCordova.release.xcconfig */,
			);
			path = CapacitorCordova;
			sourceTree = "<group>";
		};
		16FAB0E02EA81CBD0037283F /* CapacitorGeolocation */ = {
			isa = PBXGroup;
			children = (
				16FAB0D92EA81CBD0037283F /* CapacitorGeolocation.modulemap */,
				16FAB0DA2EA81CBD0037283F /* CapacitorGeolocation-dummy.m */,
				16FAB0DB2EA81CBD0037283F /* CapacitorGeolocation-Info.plist */,
				16FAB0DC2EA81CBD0037283F /* CapacitorGeolocation-prefix.pch */,
				16FAB0DD2EA81CBD0037283F /* CapacitorGeolocation-umbrella.h */,
				16FAB0DE2EA81CBD0037283F /* CapacitorGeolocation.debug.xcconfig */,
				16FAB0DF2EA81CBD0037283F /* CapacitorGeolocation.release.xcconfig */,
			);
			path = CapacitorGeolocation;
			sourceTree = "<group>";
		};
		16FAB0E82EA81CBD0037283F /* CapacitorLocalNotifications */ = {
			isa = PBXGroup;
			children = (
				16FAB0E12EA81CBD0037283F /* CapacitorLocalNotifications.modulemap */,
				16FAB0E22EA81CBD0037283F /* CapacitorLocalNotifications-dummy.m */,
				16FAB0E32EA81CBD0037283F /* CapacitorLocalNotifications-Info.plist */,
				16FAB0E42EA81CBD0037283F /* CapacitorLocalNotifications-prefix.pch */,
				16FAB0E52EA81CBD0037283F /* CapacitorLocalNotifications-umbrella.h */,
				16FAB0E62EA81CBD0037283F /* CapacitorLocalNotifications.debug.xcconfig */,
				16FAB0E72EA81CBD0037283F /* CapacitorLocalNotifications.release.xcconfig */,
			);
			path = CapacitorLocalNotifications;
			sourceTree = "<group>";
		};
		16FAB0F02EA81CBD0037283F /* CapacitorPushNotifications */ = {
			isa = PBXGroup;
			children = (
				16FAB0E92EA81CBD0037283F /* CapacitorPushNotifications.modulemap */,
				16FAB0EA2EA81CBD0037283F /* CapacitorPushNotifications-dummy.m */,
				16FAB0EB2EA81CBD0037283F /* CapacitorPushNotifications-Info.plist */,
				16FAB0EC2EA81CBD0037283F /* CapacitorPushNotifications-prefix.pch */,
				16FAB0ED2EA81CBD0037283F /* CapacitorPushNotifications-umbrella.h */,
				16FAB0EE2EA81CBD0037283F /* CapacitorPushNotifications.debug.xcconfig */,
				16FAB0EF2EA81CBD0037283F /* CapacitorPushNotifications.release.xcconfig */,
			);
			path = CapacitorPushNotifications;
			sourceTree = "<group>";
		};
		16FAB0F42EA81CBD0037283F /* IONGeolocationLib */ = {
			isa = PBXGroup;
			children = (
				16FAB0F12EA81CBD0037283F /* IONGeolocationLib-xcframeworks.sh */,
				16FAB0F22EA81CBD0037283F /* IONGeolocationLib.debug.xcconfig */,
				16FAB0F32EA81CBD0037283F /* IONGeolocationLib.release.xcconfig */,
			);
			path = IONGeolocationLib;
			sourceTree = "<group>";
		};
		16FAB0FE2EA81CBD0037283F /* Pods-App */ = {
			isa = PBXGroup;
			children = (
				16FAB0F52EA81CBD0037283F /* Pods-App.modulemap */,
				16FAB0F62EA81CBD0037283F /* Pods-App-acknowledgements.markdown */,
				16FAB0F72EA81CBD0037283F /* Pods-App-acknowledgements.plist */,
				16FAB0F82EA81CBD0037283F /* Pods-App-dummy.m */,
				16FAB0F92EA81CBD0037283F /* Pods-App-frameworks.sh */,
				16FAB0FA2EA81CBD0037283F /* Pods-App-Info.plist */,
				16FAB0FB2EA81CBD0037283F /* Pods-App-umbrella.h */,
				16FAB0FC2EA81CBD0037283F /* Pods-App.debug.xcconfig */,
				16FAB0FD2EA81CBD0037283F /* Pods-App.release.xcconfig */,
			);
			path = "Pods-App";
			sourceTree = "<group>";
		};
		16FAB0FF2EA81CBD0037283F /* Target Support Files */ = {
			isa = PBXGroup;
			children = (
				16FAB0D12EA81CBD0037283F /* Capacitor */,
				16FAB0D82EA81CBD0037283F /* CapacitorCordova */,
				16FAB0E02EA81CBD0037283F /* CapacitorGeolocation */,
				16FAB0E82EA81CBD0037283F /* CapacitorLocalNotifications */,
				16FAB0F02EA81CBD0037283F /* CapacitorPushNotifications */,
				16FAB0F42EA81CBD0037283F /* IONGeolocationLib */,
				16FAB0FE2EA81CBD0037283F /* Pods-App */,
			);
			path = "Target Support Files";
			sourceTree = "<group>";
		};
		16FAB1022EA81CBD0037283F /* Pods */ = {
			isa = PBXGroup;
			children = (
				16FAB0C12EA81CBD0037283F /* Headers */,
				16FAB0C42EA81CBD0037283F /* IONGeolocationLib */,
				16FAB0CA2EA81CBD0037283F /* Local Podspecs */,
				16FAB0FF2EA81CBD0037283F /* Target Support Files */,
				16FAB1002EA81CBD0037283F /* Manifest.lock */,
				16FAB1012EA81CBD0037283F /* Pods.xcodeproj */,
			);
			path = Pods;
			sourceTree = "<group>";
		};
		16FAB1032EA81CBD0037283F /* Products */ = {
			isa = PBXGroup;
			children = (
				16FAB10D2EA81CBD0037283F /* Capacitor.framework */,
				16FAB10F2EA81CBD0037283F /* Cordova.framework */,
				16FAB1112EA81CBD0037283F /* CapacitorGeolocation.framework */,
				16FAB1132EA81CBD0037283F /* CapacitorLocalNotifications.framework */,
				1614A6042EB1C410005D5216 /* CapacitorPreferences.framework */,
				16FAB1152EA81CBD0037283F /* CapacitorPushNotifications.framework */,
				16E9A0252EB0031200E33744 /* FirebaseCore.framework */,
				16E9A0272EB0031200E33744 /* FirebaseCore_Privacy.bundle */,
				16E9A0292EB0031200E33744 /* FirebaseCoreInternal.framework */,
				16E9A02B2EB0031200E33744 /* FirebaseCoreInternal_Privacy.bundle */,
				16E9A02D2EB0031200E33744 /* FirebaseInstallations.framework */,
				16E9A02F2EB0031200E33744 /* FirebaseInstallations_Privacy.bundle */,
				16E9A0312EB0031200E33744 /* FirebaseMessaging.framework */,
				16E9A0332EB0031200E33744 /* FirebaseMessaging_Privacy.bundle */,
				16E9A0352EB0031200E33744 /* GoogleDataTransport.framework */,
				16E9A0372EB0031200E33744 /* GoogleDataTransport_Privacy.bundle */,
				16E9A0392EB0031200E33744 /* GoogleUtilities.framework */,
				16E9A03B2EB0031200E33744 /* GoogleUtilities_Privacy.bundle */,
				16E9A03D2EB0031200E33744 /* nanopb.framework */,
				16E9A03F2EB0031200E33744 /* nanopb_Privacy.bundle */,
				16FAB1172EA81CBD0037283F /* Pods_App.framework */,
				16E9A0412EB0031200E33744 /* FBLPromises.framework */,
				16E9A0432EB0031200E33744 /* FBLPromises_Privacy.bundle */,
			);
			name = Products;
			sourceTree = "<group>";
		};
		4A3CDDDA47AC1B0B27AF6D7F /* Pods */ = {
			isa = PBXGroup;
			children = (
				49D0493507421FB3A5A9A98B /* Pods-App.debug.xcconfig */,
				9DDC55B356B77304B43D1FB0 /* Pods-App.release.xcconfig */,
			);
			path = Pods;
			sourceTree = "<group>";
		};
		504EC2FB1FED79650016851F = {
			isa = PBXGroup;
			children = (
				504EC3061FED79650016851F /* App */,
				504EC3051FED79650016851F /* Products */,
				4A3CDDDA47AC1B0B27AF6D7F /* Pods */,
				84E57EC412A80A00956E5CD4 /* Frameworks */,
			);
			sourceTree = "<group>";
		};
		504EC3051FED79650016851F /* Products */ = {
			isa = PBXGroup;
			children = (
				504EC3041FED79650016851F /* App.app */,
			);
			name = Products;
			sourceTree = "<group>";
		};
		504EC3061FED79650016851F /* App */ = {
			isa = PBXGroup;
			children = (
				167A3BA32EAFA95000DB4861 /* App.entitlements */,
				1614A5CE2EB19F52005D5216 /* GoogleService-Info.plist */,
				50379B222058CBB4000EE86E /* capacitor.config.json */,
				504EC3071FED79650016851F /* AppDelegate.swift */,
				504EC30B1FED79650016851F /* Main.storyboard */,
				504EC30E1FED79650016851F /* Assets.xcassets */,
				504EC3101FED79650016851F /* LaunchScreen.storyboard */,
				504EC3131FED79650016851F /* Info.plist */,
				2FAD9762203C412B000D30F8 /* config.xml */,
				50B271D01FEDC1A000F3C39B /* public */,
			);
			path = App;
			sourceTree = "<group>";
		};
		84E57EC412A80A00956E5CD4 /* Frameworks */ = {
			isa = PBXGroup;
			children = (
				16FAB1022EA81CBD0037283F /* Pods */,
				16FAB0B82EA81BA10037283F /* Capacitor.framework */,
				3E80D6AFA2A8DEA3A1199A7D /* Pods_App.framework */,
			);
			name = Frameworks;
			sourceTree = "<group>";
		};
/* End PBXGroup section */

/* Begin PBXNativeTarget section */
		504EC3031FED79650016851F /* App */ = {
			isa = PBXNativeTarget;
			buildConfigurationList = 504EC3161FED79650016851F /* Build configuration list for PBXNativeTarget "App" */;
			buildPhases = (
				8BFB3C400D89C66253BFA9C3 /* [CP] Check Pods Manifest.lock */,
				504EC3001FED79650016851F /* Sources */,
				504EC3011FED79650016851F /* Frameworks */,
				504EC3021FED79650016851F /* Resources */,
				16FAB0C02EA81C260037283F /* Embed Frameworks */,
				1614A5672EB1528E005D5216 /* Embed PlugIns */,
			);
			buildRules = (
			);
			dependencies = (
			);
			name = App;
			productName = App;
			productReference = 504EC3041FED79650016851F /* App.app */;
			productType = "com.apple.product-type.application";
		};
/* End PBXNativeTarget section */

/* Begin PBXProject section */
		504EC2FC1FED79650016851F /* Project object */ = {
			isa = PBXProject;
			attributes = {
				BuildIndependentTargetsInParallel = YES;
				LastSwiftUpdateCheck = 0920;
				LastUpgradeCheck = 1630;
				TargetAttributes = {
					504EC3031FED79650016851F = {
						CreatedOnToolsVersion = 9.2;
						LastSwiftMigration = 1100;
						ProvisioningStyle = Automatic;
					};
				};
			};
			buildConfigurationList = 504EC2FF1FED79650016851F /* Build configuration list for PBXProject "App" */;
			compatibilityVersion = "Xcode 8.0";
			developmentRegion = en;
			hasScannedForEncodings = 0;
			knownRegions = (
				en,
				Base,
			);
			mainGroup = 504EC2FB1FED79650016851F;
			productRefGroup = 504EC3051FED79650016851F /* Products */;
			projectDirPath = "";
			projectReferences = (
				{
					ProductGroup = 16FAB1032EA81CBD0037283F /* Products */;
					ProjectRef = 16FAB1012EA81CBD0037283F /* Pods.xcodeproj */;
				},
			);
			projectRoot = "";
			targets = (
				504EC3031FED79650016851F /* App */,
			);
		};
/* End PBXProject section */

/* Begin PBXReferenceProxy section */
		1614A6042EB1C410005D5216 /* CapacitorPreferences.framework */ = {
			isa = PBXReferenceProxy;
			fileType = wrapper.framework;
			path = CapacitorPreferences.framework;
			remoteRef = 1614A6032EB1C410005D5216 /* PBXContainerItemProxy */;
			sourceTree = BUILT_PRODUCTS_DIR;
		};
		16E9A0252EB0031200E33744 /* FirebaseCore.framework */ = {
			isa = PBXReferenceProxy;
			fileType = wrapper.framework;
			path = FirebaseCore.framework;
			remoteRef = 16E9A0242EB0031200E33744 /* PBXContainerItemProxy */;
			sourceTree = BUILT_PRODUCTS_DIR;
		};
		16E9A0272EB0031200E33744 /* FirebaseCore_Privacy.bundle */ = {
			isa = PBXReferenceProxy;
			fileType = wrapper.cfbundle;
			path = FirebaseCore_Privacy.bundle;
			remoteRef = 16E9A0262EB0031200E33744 /* PBXContainerItemProxy */;
			sourceTree = BUILT_PRODUCTS_DIR;
		};
		16E9A0292EB0031200E33744 /* FirebaseCoreInternal.framework */ = {
			isa = PBXReferenceProxy;
			fileType = wrapper.framework;
			path = FirebaseCoreInternal.framework;
			remoteRef = 16E9A0282EB0031200E33744 /* PBXContainerItemProxy */;
			sourceTree = BUILT_PRODUCTS_DIR;
		};
		16E9A02B2EB0031200E33744 /* FirebaseCoreInternal_Privacy.bundle */ = {
			isa = PBXReferenceProxy;
			fileType = wrapper.cfbundle;
			path = FirebaseCoreInternal_Privacy.bundle;
			remoteRef = 16E9A02A2EB0031200E33744 /* PBXContainerItemProxy */;
			sourceTree = BUILT_PRODUCTS_DIR;
		};
		16E9A02D2EB0031200E33744 /* FirebaseInstallations.framework */ = {
			isa = PBXReferenceProxy;
			fileType = wrapper.framework;
			path = FirebaseInstallations.framework;
			remoteRef = 16E9A02C2EB0031200E33744 /* PBXContainerItemProxy */;
			sourceTree = BUILT_PRODUCTS_DIR;
		};
		16E9A02F2EB0031200E33744 /* FirebaseInstallations_Privacy.bundle */ = {
			isa = PBXReferenceProxy;
			fileType = wrapper.cfbundle;
			path = FirebaseInstallations_Privacy.bundle;
			remoteRef = 16E9A02E2EB0031200E33744 /* PBXContainerItemProxy */;
			sourceTree = BUILT_PRODUCTS_DIR;
		};
		16E9A0312EB0031200E33744 /* FirebaseMessaging.framework */ = {
			isa = PBXReferenceProxy;
			fileType = wrapper.framework;
			path = FirebaseMessaging.framework;
			remoteRef = 16E9A0302EB0031200E33744 /* PBXContainerItemProxy */;
			sourceTree = BUILT_PRODUCTS_DIR;
		};
		16E9A0332EB0031200E33744 /* FirebaseMessaging_Privacy.bundle */ = {
			isa = PBXReferenceProxy;
			fileType = wrapper.cfbundle;
			path = FirebaseMessaging_Privacy.bundle;
			remoteRef = 16E9A0322EB0031200E33744 /* PBXContainerItemProxy */;
			sourceTree = BUILT_PRODUCTS_DIR;
		};
		16E9A0352EB0031200E33744 /* GoogleDataTransport.framework */ = {
			isa = PBXReferenceProxy;
			fileType = wrapper.framework;
			path = GoogleDataTransport.framework;
			remoteRef = 16E9A0342EB0031200E33744 /* PBXContainerItemProxy */;
			sourceTree = BUILT_PRODUCTS_DIR;
		};
		16E9A0372EB0031200E33744 /* GoogleDataTransport_Privacy.bundle */ = {
			isa = PBXReferenceProxy;
			fileType = wrapper.cfbundle;
			path = GoogleDataTransport_Privacy.bundle;
			remoteRef = 16E9A0362EB0031200E33744 /* PBXContainerItemProxy */;
			sourceTree = BUILT_PRODUCTS_DIR;
		};
		16E9A0392EB0031200E33744 /* GoogleUtilities.framework */ = {
			isa = PBXReferenceProxy;
			fileType = wrapper.framework;
			path = GoogleUtilities.framework;
			remoteRef = 16E9A0382EB0031200E33744 /* PBXContainerItemProxy */;
			sourceTree = BUILT_PRODUCTS_DIR;
		};
		16E9A03B2EB0031200E33744 /* GoogleUtilities_Privacy.bundle */ = {
			isa = PBXReferenceProxy;
			fileType = wrapper.cfbundle;
			path = GoogleUtilities_Privacy.bundle;
			remoteRef = 16E9A03A2EB0031200E33744 /* PBXContainerItemProxy */;
			sourceTree = BUILT_PRODUCTS_DIR;
		};
		16E9A03D2EB0031200E33744 /* nanopb.framework */ = {
			isa = PBXReferenceProxy;
			fileType = wrapper.framework;
			path = nanopb.framework;
			remoteRef = 16E9A03C2EB0031200E33744 /* PBXContainerItemProxy */;
			sourceTree = BUILT_PRODUCTS_DIR;
		};
		16E9A03F2EB0031200E33744 /* nanopb_Privacy.bundle */ = {
			isa = PBXReferenceProxy;
			fileType = wrapper.cfbundle;
			path = nanopb_Privacy.bundle;
			remoteRef = 16E9A03E2EB0031200E33744 /* PBXContainerItemProxy */;
			sourceTree = BUILT_PRODUCTS_DIR;
		};
		16E9A0412EB0031200E33744 /* FBLPromises.framework */ = {
			isa = PBXReferenceProxy;
			fileType = wrapper.framework;
			path = FBLPromises.framework;
			remoteRef = 16E9A0402EB0031200E33744 /* PBXContainerItemProxy */;
			sourceTree = BUILT_PRODUCTS_DIR;
		};
		16E9A0432EB0031200E33744 /* FBLPromises_Privacy.bundle */ = {
			isa = PBXReferenceProxy;
			fileType = wrapper.cfbundle;
			path = FBLPromises_Privacy.bundle;
			remoteRef = 16E9A0422EB0031200E33744 /* PBXContainerItemProxy */;
			sourceTree = BUILT_PRODUCTS_DIR;
		};
		16FAB10D2EA81CBD0037283F /* Capacitor.framework */ = {
			isa = PBXReferenceProxy;
			fileType = wrapper.framework;
			path = Capacitor.framework;
			remoteRef = 16FAB10C2EA81CBD0037283F /* PBXContainerItemProxy */;
			sourceTree = BUILT_PRODUCTS_DIR;
		};
		16FAB10F2EA81CBD0037283F /* Cordova.framework */ = {
			isa = PBXReferenceProxy;
			fileType = wrapper.framework;
			path = Cordova.framework;
			remoteRef = 16FAB10E2EA81CBD0037283F /* PBXContainerItemProxy */;
			sourceTree = BUILT_PRODUCTS_DIR;
		};
		16FAB1112EA81CBD0037283F /* CapacitorGeolocation.framework */ = {
			isa = PBXReferenceProxy;
			fileType = wrapper.framework;
			path = CapacitorGeolocation.framework;
			remoteRef = 16FAB1102EA81CBD0037283F /* PBXContainerItemProxy */;
			sourceTree = BUILT_PRODUCTS_DIR;
		};
		16FAB1132EA81CBD0037283F /* CapacitorLocalNotifications.framework */ = {
			isa = PBXReferenceProxy;
			fileType = wrapper.framework;
			path = CapacitorLocalNotifications.framework;
			remoteRef = 16FAB1122EA81CBD0037283F /* PBXContainerItemProxy */;
			sourceTree = BUILT_PRODUCTS_DIR;
		};
		16FAB1152EA81CBD0037283F /* CapacitorPushNotifications.framework */ = {
			isa = PBXReferenceProxy;
			fileType = wrapper.framework;
			path = CapacitorPushNotifications.framework;
			remoteRef = 16FAB1142EA81CBD0037283F /* PBXContainerItemProxy */;
			sourceTree = BUILT_PRODUCTS_DIR;
		};
		16FAB1172EA81CBD0037283F /* Pods_App.framework */ = {
			isa = PBXReferenceProxy;
			fileType = wrapper.framework;
			path = Pods_App.framework;
			remoteRef = 16FAB1162EA81CBD0037283F /* PBXContainerItemProxy */;
			sourceTree = BUILT_PRODUCTS_DIR;
		};
/* End PBXReferenceProxy section */

/* Begin PBXResourcesBuildPhase section */
		504EC3021FED79650016851F /* Resources */ = {
			isa = PBXResourcesBuildPhase;
			buildActionMask = 2147483647;
			files = (
				504EC3121FED79650016851F /* LaunchScreen.storyboard in Resources */,
				50B271D11FEDC1A000F3C39B /* public in Resources */,
				504EC30F1FED79650016851F /* Assets.xcassets in Resources */,
				50379B232058CBB4000EE86E /* capacitor.config.json in Resources */,
				504EC30D1FED79650016851F /* Main.storyboard in Resources */,
				2FAD9763203C412B000D30F8 /* config.xml in Resources */,
				1614A5CF2EB19F52005D5216 /* GoogleService-Info.plist in Resources */,
			);
			runOnlyForDeploymentPostprocessing = 0;
		};
/* End PBXResourcesBuildPhase section */

/* Begin PBXShellScriptBuildPhase section */
		8BFB3C400D89C66253BFA9C3 /* [CP] Check Pods Manifest.lock */ = {
			isa = PBXShellScriptBuildPhase;
			buildActionMask = 2147483647;
			files = (
			);
			inputFileListPaths = (
			);
			inputPaths = (
				"${PODS_PODFILE_DIR_PATH}/Podfile.lock",
				"${PODS_ROOT}/Manifest.lock",
			);
			name = "[CP] Check Pods Manifest.lock";
			outputFileListPaths = (
			);
			outputPaths = (
				"$(DERIVED_FILE_DIR)/Pods-App-checkManifestLockResult.txt",
			);
			runOnlyForDeploymentPostprocessing = 0;
			shellPath = /bin/sh;
			shellScript = "diff \"${PODS_PODFILE_DIR_PATH}/Podfile.lock\" \"${PODS_ROOT}/Manifest.lock\" > /dev/null\nif [ $? != 0 ] ; then\n    # print error to STDERR\n    echo \"error: The sandbox is not in sync with the Podfile.lock. Run 'pod install' or update your CocoaPods installation.\" >&2\n    exit 1\nfi\n# This output is used by Xcode 'outputs' to avoid re-running this script phase.\necho \"SUCCESS\" > \"${SCRIPT_OUTPUT_FILE_0}\"\n";
			showEnvVarsInLog = 0;
		};
/* End PBXShellScriptBuildPhase section */

/* Begin PBXSourcesBuildPhase section */
		504EC3001FED79650016851F /* Sources */ = {
			isa = PBXSourcesBuildPhase;
			buildActionMask = 2147483647;
			files = (
				504EC3081FED79650016851F /* AppDelegate.swift in Sources */,
			);
			runOnlyForDeploymentPostprocessing = 0;
		};
/* End PBXSourcesBuildPhase section */

/* Begin PBXVariantGroup section */
		504EC30B1FED79650016851F /* Main.storyboard */ = {
			isa = PBXVariantGroup;
			children = (
				504EC30C1FED79650016851F /* Base */,
			);
			name = Main.storyboard;
			sourceTree = "<group>";
		};
		504EC3101FED79650016851F /* LaunchScreen.storyboard */ = {
			isa = PBXVariantGroup;
			children = (
				504EC3111FED79650016851F /* Base */,
			);
			name = LaunchScreen.storyboard;
			sourceTree = "<group>";
		};
/* End PBXVariantGroup section */

/* Begin XCBuildConfiguration section */
		504EC3141FED79650016851F /* Debug */ = {
			isa = XCBuildConfiguration;
			buildSettings = {
				ALWAYS_SEARCH_USER_PATHS = NO;
				CLANG_ANALYZER_NONNULL = YES;
				CLANG_ANALYZER_NUMBER_OBJECT_CONVERSION = YES_AGGRESSIVE;
				CLANG_CXX_LANGUAGE_STANDARD = "gnu++14";
				CLANG_CXX_LIBRARY = "libc++";
				CLANG_ENABLE_MODULES = YES;
				CLANG_ENABLE_OBJC_ARC = YES;
				CLANG_WARN_BLOCK_CAPTURE_AUTORELEASING = YES;
				CLANG_WARN_BOOL_CONVERSION = YES;
				CLANG_WARN_COMMA = YES;
				CLANG_WARN_CONSTANT_CONVERSION = YES;
				CLANG_WARN_DEPRECATED_OBJC_IMPLEMENTATIONS = YES;
				CLANG_WARN_DIRECT_OBJC_ISA_USAGE = YES_ERROR;
				CLANG_WARN_DOCUMENTATION_COMMENTS = YES;
				CLANG_WARN_EMPTY_BODY = YES;
				CLANG_WARN_ENUM_CONVERSION = YES;
				CLANG_WARN_INFINITE_RECURSION = YES;
				CLANG_WARN_INT_CONVERSION = YES;
				CLANG_WARN_NON_LITERAL_NULL_CONVERSION = YES;
				CLANG_WARN_OBJC_IMPLICIT_RETAIN_SELF = YES;
				CLANG_WARN_OBJC_LITERAL_CONVERSION = YES;
				CLANG_WARN_OBJC_ROOT_CLASS = YES_ERROR;
				CLANG_WARN_QUOTED_INCLUDE_IN_FRAMEWORK_HEADER = YES;
				CLANG_WARN_RANGE_LOOP_ANALYSIS = YES;
				CLANG_WARN_STRICT_PROTOTYPES = YES;
				CLANG_WARN_SUSPICIOUS_MOVE = YES;
				CLANG_WARN_UNGUARDED_AVAILABILITY = YES_AGGRESSIVE;
				CLANG_WARN_UNREACHABLE_CODE = YES;
				CLANG_WARN__DUPLICATE_METHOD_MATCH = YES;
				CODE_SIGN_IDENTITY = "iPhone Developer";
				COPY_PHASE_STRIP = NO;
				DEBUG_INFORMATION_FORMAT = dwarf;
				DEVELOPMENT_TEAM = XXZ9TJ68UC;
				ENABLE_STRICT_OBJC_MSGSEND = YES;
				ENABLE_TESTABILITY = YES;
				ENABLE_USER_SCRIPT_SANDBOXING = YES;
				GCC_C_LANGUAGE_STANDARD = gnu11;
				GCC_DYNAMIC_NO_PIC = NO;
				GCC_NO_COMMON_BLOCKS = YES;
				GCC_OPTIMIZATION_LEVEL = 0;
				GCC_PREPROCESSOR_DEFINITIONS = (
					"DEBUG=1",
					"$(inherited)",
				);
				GCC_WARN_64_TO_32_BIT_CONVERSION = YES;
				GCC_WARN_ABOUT_RETURN_TYPE = YES_ERROR;
				GCC_WARN_UNDECLARED_SELECTOR = YES;
				GCC_WARN_UNINITIALIZED_AUTOS = YES_AGGRESSIVE;
				GCC_WARN_UNUSED_FUNCTION = YES;
				GCC_WARN_UNUSED_VARIABLE = YES;
				IPHONEOS_DEPLOYMENT_TARGET = 15.6;
				MTL_ENABLE_DEBUG_INFO = YES;
				ONLY_ACTIVE_ARCH = YES;
				SDKROOT = iphoneos;
				SWIFT_ACTIVE_COMPILATION_CONDITIONS = DEBUG;
				SWIFT_OPTIMIZATION_LEVEL = "-Onone";
			};
			name = Debug;
		};
		504EC3151FED79650016851F /* Release */ = {
			isa = XCBuildConfiguration;
			buildSettings = {
				ALWAYS_SEARCH_USER_PATHS = NO;
				CLANG_ANALYZER_NONNULL = YES;
				CLANG_ANALYZER_NUMBER_OBJECT_CONVERSION = YES_AGGRESSIVE;
				CLANG_CXX_LANGUAGE_STANDARD = "gnu++14";
				CLANG_CXX_LIBRARY = "libc++";
				CLANG_ENABLE_MODULES = YES;
				CLANG_ENABLE_OBJC_ARC = YES;
				CLANG_WARN_BLOCK_CAPTURE_AUTORELEASING = YES;
				CLANG_WARN_BOOL_CONVERSION = YES;
				CLANG_WARN_COMMA = YES;
				CLANG_WARN_CONSTANT_CONVERSION = YES;
				CLANG_WARN_DEPRECATED_OBJC_IMPLEMENTATIONS = YES;
				CLANG_WARN_DIRECT_OBJC_ISA_USAGE = YES_ERROR;
				CLANG_WARN_DOCUMENTATION_COMMENTS = YES;
				CLANG_WARN_EMPTY_BODY = YES;
				CLANG_WARN_ENUM_CONVERSION = YES;
				CLANG_WARN_INFINITE_RECURSION = YES;
				CLANG_WARN_INT_CONVERSION = YES;
				CLANG_WARN_NON_LITERAL_NULL_CONVERSION = YES;
				CLANG_WARN_OBJC_IMPLICIT_RETAIN_SELF = YES;
				CLANG_WARN_OBJC_LITERAL_CONVERSION = YES;
				CLANG_WARN_OBJC_ROOT_CLASS = YES_ERROR;
				CLANG_WARN_QUOTED_INCLUDE_IN_FRAMEWORK_HEADER = YES;
				CLANG_WARN_RANGE_LOOP_ANALYSIS = YES;
				CLANG_WARN_STRICT_PROTOTYPES = YES;
				CLANG_WARN_SUSPICIOUS_MOVE = YES;
				CLANG_WARN_UNGUARDED_AVAILABILITY = YES_AGGRESSIVE;
				CLANG_WARN_UNREACHABLE_CODE = YES;
				CLANG_WARN__DUPLICATE_METHOD_MATCH = YES;
				CODE_SIGN_IDENTITY = "iPhone Developer";
				COPY_PHASE_STRIP = NO;
				DEBUG_INFORMATION_FORMAT = "dwarf-with-dsym";
				DEVELOPMENT_TEAM = XXZ9TJ68UC;
				ENABLE_NS_ASSERTIONS = NO;
				ENABLE_STRICT_OBJC_MSGSEND = YES;
				ENABLE_USER_SCRIPT_SANDBOXING = YES;
				GCC_C_LANGUAGE_STANDARD = gnu11;
				GCC_NO_COMMON_BLOCKS = YES;
				GCC_WARN_64_TO_32_BIT_CONVERSION = YES;
				GCC_WARN_ABOUT_RETURN_TYPE = YES_ERROR;
				GCC_WARN_UNDECLARED_SELECTOR = YES;
				GCC_WARN_UNINITIALIZED_AUTOS = YES_AGGRESSIVE;
				GCC_WARN_UNUSED_FUNCTION = YES;
				GCC_WARN_UNUSED_VARIABLE = YES;
				IPHONEOS_DEPLOYMENT_TARGET = 15.6;
				MTL_ENABLE_DEBUG_INFO = NO;
				SDKROOT = iphoneos;
				SWIFT_COMPILATION_MODE = wholemodule;
				SWIFT_OPTIMIZATION_LEVEL = "-O";
				VALIDATE_PRODUCT = YES;
			};
			name = Release;
		};
		504EC3171FED79650016851F /* Debug */ = {
			isa = XCBuildConfiguration;
			baseConfigurationReference = 49D0493507421FB3A5A9A98B /* Pods-App.debug.xcconfig */;
			buildSettings = {
				ASSETCATALOG_COMPILER_APPICON_NAME = AppIcon;
				ASSETCATALOG_COMPILER_INCLUDE_ALL_APPICON_ASSETS = YES;
				CODE_SIGN_ENTITLEMENTS = App/App.entitlements;
				CODE_SIGN_STYLE = Automatic;
				CURRENT_PROJECT_VERSION = 1;
				INFOPLIST_FILE = App/Info.plist;
				INFOPLIST_KEY_CFBundleDisplayName = CARPOOL;
				INFOPLIST_KEY_LSApplicationCategoryType = "public.app-category.productivity";
				IPHONEOS_DEPLOYMENT_TARGET = 16.6;
				LD_RUNPATH_SEARCH_PATHS = (
					"$(inherited)",
					"@executable_path/Frameworks",
				);
				MARKETING_VERSION = 1.0;
				OTHER_SWIFT_FLAGS = "$(inherited) \"-D\" \"COCOAPODS\" \"-DDEBUG\"";
				PRODUCT_BUNDLE_IDENTIFIER = "app.web.carpool-tamu-2446c";
				PRODUCT_NAME = "$(TARGET_NAME)";
				SWIFT_ACTIVE_COMPILATION_CONDITIONS = DEBUG;
				SWIFT_VERSION = 5.0;
				TARGETED_DEVICE_FAMILY = "1,2";
			};
			name = Debug;
		};
		504EC3181FED79650016851F /* Release */ = {
			isa = XCBuildConfiguration;
			baseConfigurationReference = 9DDC55B356B77304B43D1FB0 /* Pods-App.release.xcconfig */;
			buildSettings = {
				ASSETCATALOG_COMPILER_APPICON_NAME = AppIcon;
				ASSETCATALOG_COMPILER_INCLUDE_ALL_APPICON_ASSETS = YES;
				CODE_SIGN_ENTITLEMENTS = App/App.entitlements;
				CODE_SIGN_STYLE = Automatic;
				CURRENT_PROJECT_VERSION = 1;
				INFOPLIST_FILE = App/Info.plist;
				INFOPLIST_KEY_CFBundleDisplayName = CARPOOL;
				INFOPLIST_KEY_LSApplicationCategoryType = "public.app-category.productivity";
				IPHONEOS_DEPLOYMENT_TARGET = 16.6;
				LD_RUNPATH_SEARCH_PATHS = (
					"$(inherited)",
					"@executable_path/Frameworks",
				);
				MARKETING_VERSION = 1.0;
				PRODUCT_BUNDLE_IDENTIFIER = "app.web.carpool-tamu-2446c";
				PRODUCT_NAME = "$(TARGET_NAME)";
				SWIFT_ACTIVE_COMPILATION_CONDITIONS = "";
				SWIFT_VERSION = 5.0;
				TARGETED_DEVICE_FAMILY = "1,2";
			};
			name = Release;
		};
/* End XCBuildConfiguration section */

/* Begin XCConfigurationList section */
		504EC2FF1FED79650016851F /* Build configuration list for PBXProject "App" */ = {
			isa = XCConfigurationList;
			buildConfigurations = (
				504EC3141FED79650016851F /* Debug */,
				504EC3151FED79650016851F /* Release */,
			);
			defaultConfigurationIsVisible = 0;
			defaultConfigurationName = Release;
		};
		504EC3161FED79650016851F /* Build configuration list for PBXNativeTarget "App" */ = {
			isa = XCConfigurationList;
			buildConfigurations = (
				504EC3171FED79650016851F /* Debug */,
				504EC3181FED79650016851F /* Release */,
			);
			defaultConfigurationIsVisible = 0;
			defaultConfigurationName = Release;
		};
/* End XCConfigurationList section */
	};
	rootObject = 504EC2FC1FED79650016851F /* Project object */;
}
